
Microsoft Visual Studio Solution File, Format Version 12.00
# Visual Studio Version 17
VisualStudioVersion = 17.2.32616.157
MinimumVisualStudioVersion = 10.0.40219.1
Project("{FAE04EC0-301F-11D3-BF4B-00C04F79EFBC}") = "FBLive1", "FBLive1\FBLive1.csproj", "{78E73C39-685A-4DB9-8A08-09AA98A662C6}"
EndProject
Project("{54435603-DBB4-11D2-8724-00A0C9A8B90C}") = "FBSalesSetup", "FBSalesSetup\FBSalesSetup.vdproj", "{FEC830A9-80D1-4ECA-9211-964642660B51}"
EndProject
Global
	GlobalSection(SolutionConfigurationPlatforms) = preSolution
		Debug|Any CPU = Debug|Any CPU
		Release|Any CPU = Release|Any CPU
	EndGlobalSection
	GlobalSection(ProjectConfigurationPlatforms) = postSolution
		{78E73C39-685A-4DB9-8A08-09AA98A662C6}.Debug|Any CPU.ActiveCfg = Release|Any CPU
		{78E73C39-685A-4DB9-8A08-09AA98A662C6}.Debug|Any CPU.Build.0 = Release|Any CPU
		{78E73C39-685A-4DB9-8A08-09AA98A662C6}.Release|Any CPU.ActiveCfg = Release|Any CPU
		{78E73C39-685A-4DB9-8A08-09AA98A662C6}.Release|Any CPU.Build.0 = Release|Any CPU
		{FEC830A9-80D1-4ECA-9211-964642660B51}.Debug|Any CPU.ActiveCfg = Release
		{FEC830A9-80D1-4ECA-9211-964642660B51}.Release|Any CPU.ActiveCfg = Release
	EndGlobalSection
	GlobalSection(SolutionProperties) = preSolution
		HideSolutionNode = FALSE
	EndGlobalSection
	GlobalSection(ExtensibilityGlobals) = postSolution
		SolutionGuid = {7B598190-F318-4C67-A552-5C6DD327A308}
	EndGlobalSection
EndGlobal
